{
  "name": "education-ajs-clone",
  "version": "1.0.0",
  "lockfileVersion": 3,
  "requires": true,
  "packages": {
    "": {
      "name": "education-ajs-clone",
      "version": "1.0.0",
      "license": "ISC",
      "dependencies": {
        "@maxander77/education-ajs": "^1.0.1"
      }
    },
    "node_modules/@maxander77/education-ajs": {
      "version": "1.0.1",
      "resolved": "https://npm.pkg.github.com/download/@maxander77/education-ajs/1.0.1/5e672f1934371896e90d673972a2b08c6bed7098",
      "integrity": "sha512-gfOG+iehq3SNDnKLVGV47Ia0pIzW4guo2zdsW91+CHSRT5SqGFYJ4vOdJhu7Fd5+IVrfVu2W1ObPggVGeNmmyA==",
      "license": "ISC"
    }
  }
}
